
Microsoft Visual Studio Solution File, Format Version 12.00
# Visual Studio 14
VisualStudioVersion = 14.0.25420.1
MinimumVisualStudioVersion = 10.0.40219.1
Project("{FAE04EC0-301F-11D3-BF4B-00C04F79EFBC}") = "DataMos", "DataMos\DataMos.csproj", "{1B71076C-0294-413C-AE7E-F7EEA83A1683}"
EndProject
Project("{FAE04EC0-301F-11D3-BF4B-00C04F79EFBC}") = "DataMos.Confugurator", "DataMos.Confugurator\DataMos.Confugurator.csproj", "{768DB263-E749-4F58-ABE5-5266ED8835D6}"
EndProject
Project("{FAE04EC0-301F-11D3-BF4B-00C04F79EFBC}") = "Logger", "Logger\Logger.csproj", "{7E122157-1416-45B7-A2B1-3166ACCBF6E7}"
EndProject
Global
	GlobalSection(SolutionConfigurationPlatforms) = preSolution
		Debug|Any CPU = Debug|Any CPU
		Release|Any CPU = Release|Any CPU
	EndGlobalSection
	GlobalSection(ProjectConfigurationPlatforms) = postSolution
		{1B71076C-0294-413C-AE7E-F7EEA83A1683}.Debug|Any CPU.ActiveCfg = Debug|Any CPU
		{1B71076C-0294-413C-AE7E-F7EEA83A1683}.Debug|Any CPU.Build.0 = Debug|Any CPU
		{1B71076C-0294-413C-AE7E-F7EEA83A1683}.Release|Any CPU.ActiveCfg = Release|Any CPU
		{1B71076C-0294-413C-AE7E-F7EEA83A1683}.Release|Any CPU.Build.0 = Release|Any CPU
		{768DB263-E749-4F58-ABE5-5266ED8835D6}.Debug|Any CPU.ActiveCfg = Debug|Any CPU
		{768DB263-E749-4F58-ABE5-5266ED8835D6}.Debug|Any CPU.Build.0 = Debug|Any CPU
		{768DB263-E749-4F58-ABE5-5266ED8835D6}.Release|Any CPU.ActiveCfg = Release|Any CPU
		{768DB263-E749-4F58-ABE5-5266ED8835D6}.Release|Any CPU.Build.0 = Release|Any CPU
		{7E122157-1416-45B7-A2B1-3166ACCBF6E7}.Debug|Any CPU.ActiveCfg = Debug|Any CPU
		{7E122157-1416-45B7-A2B1-3166ACCBF6E7}.Debug|Any CPU.Build.0 = Debug|Any CPU
		{7E122157-1416-45B7-A2B1-3166ACCBF6E7}.Release|Any CPU.ActiveCfg = Release|Any CPU
		{7E122157-1416-45B7-A2B1-3166ACCBF6E7}.Release|Any CPU.Build.0 = Release|Any CPU
	EndGlobalSection
	GlobalSection(SolutionProperties) = preSolution
		HideSolutionNode = FALSE
	EndGlobalSection
EndGlobal
